{
  "object": {
    "pins": [
      {
        "package": "Parchment",
        "repositoryURL": "https://github.com/rechsteiner/Parchment.git",
        "state": {
          "branch": null,
          "revision": "689ecaa80b7b0f712887ec87746f8598f2e12907",
          "version": "3.0.1"
        }
      },
      {
        "package": "SnapKit",
        "repositoryURL": "https://github.com/SnapKit/SnapKit.git",
        "state": {
          "branch": null,
          "revision": "d458564516e5676af9c70b4f4b2a9178294f1bc6",
          "version": "5.0.1"
        }
      }
    ]
  },
  "version": 1
}
